
Microsoft Visual Studio Solution File, Format Version 12.00
# Visual Studio 14
VisualStudioVersion = 14.0.25420.1
MinimumVisualStudioVersion = 10.0.40219.1
Project("{FAE04EC0-301F-11D3-BF4B-00C04F79EFBC}") = "HelperLibrary.Excel", "HelperLibrary.Excel\HelperLibrary.Excel.csproj", "{3403EED5-A8C3-490E-8D87-FE0D7EE4BFB2}"
EndProject
Project("{FAE04EC0-301F-11D3-BF4B-00C04F79EFBC}") = "ExampleProject", "ExampleProject\ExampleProject.csproj", "{DC197BDD-5D04-4FA2-AFAC-B79657EC15D7}"
EndProject
Global
	GlobalSection(SolutionConfigurationPlatforms) = preSolution
		Debug|Any CPU = Debug|Any CPU
		Release|Any CPU = Release|Any CPU
	EndGlobalSection
	GlobalSection(ProjectConfigurationPlatforms) = postSolution
		{3403EED5-A8C3-490E-8D87-FE0D7EE4BFB2}.Debug|Any CPU.ActiveCfg = Debug|Any CPU
		{3403EED5-A8C3-490E-8D87-FE0D7EE4BFB2}.Debug|Any CPU.Build.0 = Debug|Any CPU
		{3403EED5-A8C3-490E-8D87-FE0D7EE4BFB2}.Release|Any CPU.ActiveCfg = Release|Any CPU
		{3403EED5-A8C3-490E-8D87-FE0D7EE4BFB2}.Release|Any CPU.Build.0 = Release|Any CPU
		{DC197BDD-5D04-4FA2-AFAC-B79657EC15D7}.Debug|Any CPU.ActiveCfg = Debug|Any CPU
		{DC197BDD-5D04-4FA2-AFAC-B79657EC15D7}.Debug|Any CPU.Build.0 = Debug|Any CPU
		{DC197BDD-5D04-4FA2-AFAC-B79657EC15D7}.Release|Any CPU.ActiveCfg = Release|Any CPU
		{DC197BDD-5D04-4FA2-AFAC-B79657EC15D7}.Release|Any CPU.Build.0 = Release|Any CPU
	EndGlobalSection
	GlobalSection(SolutionProperties) = preSolution
		HideSolutionNode = FALSE
	EndGlobalSection
EndGlobal
